
Microsoft Visual Studio Solution File, Format Version 12.00
# Visual Studio Version 17
VisualStudioVersion = 17.7.34009.444
MinimumVisualStudioVersion = 10.0.40219.1
Project("{FAE04EC0-301F-11D3-BF4B-00C04F79EFBC}") = "SikshyaPaymentGatewayAPI", "SikshyaPaymentGatewayAPI\SikshyaPaymentGatewayAPI.csproj", "{687591A5-2539-41A8-9D80-F65AFD4B9DDC}"
EndProject
Global
	GlobalSection(SolutionConfigurationPlatforms) = preSolution
		Debug|Any CPU = Debug|Any CPU
		Release|Any CPU = Release|Any CPU
	EndGlobalSection
	GlobalSection(ProjectConfigurationPlatforms) = postSolution
		{687591A5-2539-41A8-9D80-F65AFD4B9DDC}.Debug|Any CPU.ActiveCfg = Debug|Any CPU
		{687591A5-2539-41A8-9D80-F65AFD4B9DDC}.Debug|Any CPU.Build.0 = Debug|Any CPU
		{687591A5-2539-41A8-9D80-F65AFD4B9DDC}.Release|Any CPU.ActiveCfg = Release|Any CPU
		{687591A5-2539-41A8-9D80-F65AFD4B9DDC}.Release|Any CPU.Build.0 = Release|Any CPU
	EndGlobalSection
	GlobalSection(SolutionProperties) = preSolution
		HideSolutionNode = FALSE
	EndGlobalSection
	GlobalSection(ExtensibilityGlobals) = postSolution
		SolutionGuid = {311C00B4-66A8-4EE2-BA37-BDD4E6A03CB4}
	EndGlobalSection
EndGlobal
